
Microsoft Visual Studio Solution File, Format Version 12.00
# Visual Studio Version 17
VisualStudioVersion = 17.4.33110.190
MinimumVisualStudioVersion = 10.0.40219.1
Project("{FAE04EC0-301F-11D3-BF4B-00C04F79EFBC}") = "RichPalace", "RichPalace\RichPalace.csproj", "{FEE6E131-D9B0-430A-856B-5466E9B342C0}"
EndProject
Global
	GlobalSection(SolutionConfigurationPlatforms) = preSolution
		Debug|Any CPU = Debug|Any CPU
		Release|Any CPU = Release|Any CPU
	EndGlobalSection
	GlobalSection(ProjectConfigurationPlatforms) = postSolution
		{FEE6E131-D9B0-430A-856B-5466E9B342C0}.Debug|Any CPU.ActiveCfg = Debug|Any CPU
		{FEE6E131-D9B0-430A-856B-5466E9B342C0}.Debug|Any CPU.Build.0 = Debug|Any CPU
		{FEE6E131-D9B0-430A-856B-5466E9B342C0}.Release|Any CPU.ActiveCfg = Release|Any CPU
		{FEE6E131-D9B0-430A-856B-5466E9B342C0}.Release|Any CPU.Build.0 = Release|Any CPU
	EndGlobalSection
	GlobalSection(SolutionProperties) = preSolution
		HideSolutionNode = FALSE
	EndGlobalSection
	GlobalSection(ExtensibilityGlobals) = postSolution
		SolutionGuid = {00820AA6-5BE2-4205-B4EB-06C036091DDE}
	EndGlobalSection
EndGlobal
